// !$*UTF8*$!
{
	archiveVersion = 1;
	classes = {
	};
	objectVersion = 46;
	objects = {

/* Begin PBXBuildFile section */
		0266EDBC29865F821751CBB1 /* Pods_Portfolyo_3.framework in Frameworks */ = {isa = PBXBuildFile; fileRef = 8CE104D77F716970064D8FDD /* Pods_Portfolyo_3.framework */; };
		ED77C4981EDDBD0A00848F87 /* AppDelegate.swift in Sources */ = {isa = PBXBuildFile; fileRef = ED77C4971EDDBD0A00848F87 /* AppDelegate.swift */; };
		ED77C49A1EDDBD0A00848F87 /* ViewController.swift in Sources */ = {isa = PBXBuildFile; fileRef = ED77C4991EDDBD0A00848F87 /* ViewController.swift */; };
		ED77C49D1EDDBD0A00848F87 /* Main.storyboard in Resources */ = {isa = PBXBuildFile; fileRef = ED77C49B1EDDBD0A00848F87 /* Main.storyboard */; };
		ED77C49F1EDDBD0A00848F87 /* Assets.xcassets in Resources */ = {isa = PBXBuildFile; fileRef = ED77C49E1EDDBD0A00848F87 /* Assets.xcassets */; };
		ED77C4A21EDDBD0A00848F87 /* LaunchScreen.storyboard in Resources */ = {isa = PBXBuildFile; fileRef = ED77C4A01EDDBD0A00848F87 /* LaunchScreen.storyboard */; };
		ED77C4AC1EDDBE2600848F87 /* SampleTableViewCell.swift in Sources */ = {isa = PBXBuildFile; fileRef = ED77C4AB1EDDBE2600848F87 /* SampleTableViewCell.swift */; };
/* End PBXBuildFile section */

/* Begin PBXFileReference section */
		6B38D26DA9CECEAD5E65944A /* Pods-Portfolyo 3.debug.xcconfig */ = {isa = PBXFileReference; includeInIndex = 1; lastKnownFileType = text.xcconfig; name = "Pods-Portfolyo 3.debug.xcconfig"; path = "Pods/Target Support Files/Pods-Portfolyo 3/Pods-Portfolyo 3.debug.xcconfig"; sourceTree = "<group>"; };
		8CE104D77F716970064D8FDD /* Pods_Portfolyo_3.framework */ = {isa = PBXFileReference; explicitFileType = wrapper.framework; includeInIndex = 0; path = Pods_Portfolyo_3.framework; sourceTree = BUILT_PRODUCTS_DIR; };
		9AEE5F4277848150188F13C9 /* Pods-Portfolyo 3.release.xcconfig */ = {isa = PBXFileReference; includeInIndex = 1; lastKnownFileType = text.xcconfig; name = "Pods-Portfolyo 3.release.xcconfig"; path = "Pods/Target Support Files/Pods-Portfolyo 3/Pods-Portfolyo 3.release.xcconfig"; sourceTree = "<group>"; };
		ED77C4941EDDBD0A00848F87 /* Portfolyo 3.app */ = {isa = PBXFileReference; explicitFileType = wrapper.application; includeInIndex = 0; path = "Portfolyo 3.app"; sourceTree = BUILT_PRODUCTS_DIR; };
		ED77C4971EDDBD0A00848F87 /* AppDelegate.swift */ = {isa = PBXFileReference; lastKnownFileType = sourcecode.swift; path = AppDelegate.swift; sourceTree = "<group>"; };
		ED77C4991EDDBD0A00848F87 /* ViewController.swift */ = {isa = PBXFileReference; lastKnownFileType = sourcecode.swift; path = ViewController.swift; sourceTree = "<group>"; };
		ED77C49C1EDDBD0A00848F87 /* Base */ = {isa = PBXFileReference; lastKnownFileType = file.storyboard; name = Base; path = Base.lproj/Main.storyboard; sourceTree = "<group>"; };
		ED77C49E1EDDBD0A00848F87 /* Assets.xcassets */ = {isa = PBXFileReference; lastKnownFileType = folder.assetcatalog; path = Assets.xcassets; sourceTree = "<group>"; };
		ED77C4A11EDDBD0A00848F87 /* Base */ = {isa = PBXFileReference; lastKnownFileType = file.storyboard; name = Base; path = Base.lproj/LaunchScreen.storyboard; sourceTree = "<group>"; };
		ED77C4A31EDDBD0A00848F87 /* Info.plist */ = {isa = PBXFileReference; lastKnownFileType = text.plist.xml; path = Info.plist; sourceTree = "<group>"; };
		ED77C4AB1EDDBE2600848F87 /* SampleTableViewCell.swift */ = {isa = PBXFileReference; fileEncoding = 4; lastKnownFileType = sourcecode.swift; name = SampleTableViewCell.swift; path = ../SampleTableViewCell.swift; sourceTree = "<group>"; };
/* End PBXFileReference section */

/* Begin PBXFrameworksBuildPhase section */
		ED77C4911EDDBD0A00848F87 /* Frameworks */ = {
			isa = PBXFrameworksBuildPhase;
			buildActionMask = 2147483647;
			files = (
				0266EDBC29865F821751CBB1 /* Pods_Portfolyo_3.framework in Frameworks */,
			);
			runOnlyForDeploymentPostprocessing = 0;
		};
/* End PBXFrameworksBuildPhase section */

/* Begin PBXGroup section */
		01D8D478E6C2643640A3E362 /* Pods */ = {
			isa = PBXGroup;
			children = (
				6B38D26DA9CECEAD5E65944A /* Pods-Portfolyo 3.debug.xcconfig */,
				9AEE5F4277848150188F13C9 /* Pods-Portfolyo 3.release.xcconfig */,
			);
			name = Pods;
			sourceTree = "<group>";
		};
		AC8FF2A65703FDE909F71D9D /* Frameworks */ = {
			isa = PBXGroup;
			children = (
				8CE104D77F716970064D8FDD /* Pods_Portfolyo_3.framework */,
			);
			name = Frameworks;
			sourceTree = "<group>";
		};
		ED77C48B1EDDBD0A00848F87 = {
			isa = PBXGroup;
			children = (
				ED77C4961EDDBD0A00848F87 /* Portfolyo 3 */,
				ED77C4951EDDBD0A00848F87 /* Products */,
				01D8D478E6C2643640A3E362 /* Pods */,
				AC8FF2A65703FDE909F71D9D /* Frameworks */,
			);
			sourceTree = "<group>";
		};
		ED77C4951EDDBD0A00848F87 /* Products */ = {
			isa = PBXGroup;
			children = (
				ED77C4941EDDBD0A00848F87 /* Portfolyo 3.app */,
			);
			name = Products;
			sourceTree = "<group>";
		};
		ED77C4961EDDBD0A00848F87 /* Portfolyo 3 */ = {
			isa = PBXGroup;
			children = (
				ED77C4971EDDBD0A00848F87 /* AppDelegate.swift */,
				ED77C4991EDDBD0A00848F87 /* ViewController.swift */,
				ED77C4AB1EDDBE2600848F87 /* SampleTableViewCell.swift */,
				ED77C49B1EDDBD0A00848F87 /* Main.storyboard */,
				ED77C49E1EDDBD0A00848F87 /* Assets.xcassets */,
				ED77C4A01EDDBD0A00848F87 /* LaunchScreen.storyboard */,
				ED77C4A31EDDBD0A00848F87 /* Info.plist */,
			);
			path = "Portfolyo 3";
			sourceTree = "<group>";
		};
/* End PBXGroup section */

/* Begin PBXNativeTarget section */
		ED77C4931EDDBD0A00848F87 /* Portfolyo 3 */ = {
			isa = PBXNativeTarget;
			buildConfigurationList = ED77C4A61EDDBD0A00848F87 /* Build configuration list for PBXNativeTarget "Portfolyo 3" */;
			buildPhases = (
				83868ED97DDAAC9CAAE45EBD /* [CP] Check Pods Manifest.lock */,
				ED77C4901EDDBD0A00848F87 /* Sources */,
				ED77C4911EDDBD0A00848F87 /* Frameworks */,
				ED77C4921EDDBD0A00848F87 /* Resources */,
				BF9073880ACAAAA563C86194 /* [CP] Embed Pods Frameworks */,
				428D2E47B2F4DA6E11439BBE /* [CP] Copy Pods Resources */,
			);
			buildRules = (
			);
			dependencies = (
			);
			name = "Portfolyo 3";
			productName = "Portfolyo 3";
			productReference = ED77C4941EDDBD0A00848F87 /* Portfolyo 3.app */;
			productType = "com.apple.product-type.application";
		};
/* End PBXNativeTarget section */

/* Begin PBXProject section */
		ED77C48C1EDDBD0A00848F87 /* Project object */ = {
			isa = PBXProject;
			attributes = {
				LastSwiftUpdateCheck = 0830;
				LastUpgradeCheck = 0830;
				ORGANIZATIONNAME = tanyildiz;
				TargetAttributes = {
					ED77C4931EDDBD0A00848F87 = {
						CreatedOnToolsVersion = 8.3.2;
						DevelopmentTeam = 5P7A6HEBY4;
						ProvisioningStyle = Automatic;
					};
				};
			};
			buildConfigurationList = ED77C48F1EDDBD0A00848F87 /* Build configuration list for PBXProject "Portfolyo 3" */;
			compatibilityVersion = "Xcode 3.2";
			developmentRegion = English;
			hasScannedForEncodings = 0;
			knownRegions = (
				en,
				Base,
			);
			mainGroup = ED77C48B1EDDBD0A00848F87;
			productRefGroup = ED77C4951EDDBD0A00848F87 /* Products */;
			projectDirPath = "";
			projectRoot = "";
			targets = (
				ED77C4931EDDBD0A00848F87 /* Portfolyo 3 */,
			);
		};
/* End PBXProject section */

/* Begin PBXResourcesBuildPhase section */
		ED77C4921EDDBD0A00848F87 /* Resources */ = {
			isa = PBXResourcesBuildPhase;
			buildActionMask = 2147483647;
			files = (
				ED77C4A21EDDBD0A00848F87 /* LaunchScreen.storyboard in Resources */,
				ED77C49F1EDDBD0A00848F87 /* Assets.xcassets in Resources */,
				ED77C49D1EDDBD0A00848F87 /* Main.storyboard in Resources */,
			);
			runOnlyForDeploymentPostprocessing = 0;
		};
/* End PBXResourcesBuildPhase section */

/* Begin PBXShellScriptBuildPhase section */
		428D2E47B2F4DA6E11439BBE /* [CP] Copy Pods Resources */ = {
			isa = PBXShellScriptBuildPhase;
			buildActionMask = 2147483647;
			files = (
			);
			inputPaths = (
			);
			name = "[CP] Copy Pods Resources";
			outputPaths = (
			);
			runOnlyForDeploymentPostprocessing = 0;
			shellPath = /bin/sh;
			shellScript = "\"${SRCROOT}/Pods/Target Support Files/Pods-Portfolyo 3/Pods-Portfolyo 3-resources.sh\"\n";
			showEnvVarsInLog = 0;
		};
		83868ED97DDAAC9CAAE45EBD /* [CP] Check Pods Manifest.lock */ = {
			isa = PBXShellScriptBuildPhase;
			buildActionMask = 2147483647;
			files = (
			);
			inputPaths = (
			);
			name = "[CP] Check Pods Manifest.lock";
			outputPaths = (
			);
			runOnlyForDeploymentPostprocessing = 0;
			shellPath = /bin/sh;
			shellScript = "diff \"${PODS_PODFILE_DIR_PATH}/Podfile.lock\" \"${PODS_ROOT}/Manifest.lock\" > /dev/null\nif [ $? != 0 ] ; then\n    # print error to STDERR\n    echo \"error: The sandbox is not in sync with the Podfile.lock. Run 'pod install' or update your CocoaPods installation.\" >&2\n    exit 1\nfi\n";
			showEnvVarsInLog = 0;
		};
		BF9073880ACAAAA563C86194 /* [CP] Embed Pods Frameworks */ = {
			isa = PBXShellScriptBuildPhase;
			buildActionMask = 2147483647;
			files = (
			);
			inputPaths = (
			);
			name = "[CP] Embed Pods Frameworks";
			outputPaths = (
			);
			runOnlyForDeploymentPostprocessing = 0;
			shellPath = /bin/sh;
			shellScript = "\"${SRCROOT}/Pods/Target Support Files/Pods-Portfolyo 3/Pods-Portfolyo 3-frameworks.sh\"\n";
			showEnvVarsInLog = 0;
		};
/* End PBXShellScriptBuildPhase section */

/* Begin PBXSourcesBuildPhase section */
		ED77C4901EDDBD0A00848F87 /* Sources */ = {
			isa = PBXSourcesBuildPhase;
			buildActionMask = 2147483647;
			files = (
				ED77C49A1EDDBD0A00848F87 /* ViewController.swift in Sources */,
				ED77C4AC1EDDBE2600848F87 /* SampleTableViewCell.swift in Sources */,
				ED77C4981EDDBD0A00848F87 /* AppDelegate.swift in Sources */,
			);
			runOnlyForDeploymentPostprocessing = 0;
		};
/* End PBXSourcesBuildPhase section */

/* Begin PBXVariantGroup section */
		ED77C49B1EDDBD0A00848F87 /* Main.storyboard */ = {
			isa = PBXVariantGroup;
			children = (
				ED77C49C1EDDBD0A00848F87 /* Base */,
			);
			name = Main.storyboard;
			sourceTree = "<group>";
		};
		ED77C4A01EDDBD0A00848F87 /* LaunchScreen.storyboard */ = {
			isa = PBXVariantGroup;
			children = (
				ED77C4A11EDDBD0A00848F87 /* Base */,
			);
			name = LaunchScreen.storyboard;
			sourceTree = "<group>";
		};
/* End PBXVariantGroup section */

/* Begin XCBuildConfiguration section */
		ED77C4A41EDDBD0A00848F87 /* Debug */ = {
			isa = XCBuildConfiguration;
			buildSettings = {
				ALWAYS_SEARCH_USER_PATHS = NO;
				CLANG_ANALYZER_NONNULL = YES;
				CLANG_ANALYZER_NUMBER_OBJECT_CONVERSION = YES_AGGRESSIVE;
				CLANG_CXX_LANGUAGE_STANDARD = "gnu++0x";
				CLANG_CXX_LIBRARY = "libc++";
				CLANG_ENABLE_MODULES = YES;
				CLANG_ENABLE_OBJC_ARC = YES;
				CLANG_WARN_BOOL_CONVERSION = YES;
				CLANG_WARN_CONSTANT_CONVERSION = YES;
				CLANG_WARN_DIRECT_OBJC_ISA_USAGE = YES_ERROR;
				CLANG_WARN_DOCUMENTATION_COMMENTS = YES;
				CLANG_WARN_EMPTY_BODY = YES;
				CLANG_WARN_ENUM_CONVERSION = YES;
				CLANG_WARN_INFINITE_RECURSION = YES;
				CLANG_WARN_INT_CONVERSION = YES;
				CLANG_WARN_OBJC_ROOT_CLASS = YES_ERROR;
				CLANG_WARN_SUSPICIOUS_MOVE = YES;
				CLANG_WARN_UNREACHABLE_CODE = YES;
				CLANG_WARN__DUPLICATE_METHOD_MATCH = YES;
				"CODE_SIGN_IDENTITY[sdk=iphoneos*]" = "iPhone Developer";
				COPY_PHASE_STRIP = NO;
				DEBUG_INFORMATION_FORMAT = dwarf;
				ENABLE_STRICT_OBJC_MSGSEND = YES;
				ENABLE_TESTABILITY = YES;
				GCC_C_LANGUAGE_STANDARD = gnu99;
				GCC_DYNAMIC_NO_PIC = NO;
				GCC_NO_COMMON_BLOCKS = YES;
				GCC_OPTIMIZATION_LEVEL = 0;
				GCC_PREPROCESSOR_DEFINITIONS = (
					"DEBUG=1",
					"$(inherited)",
				);
				GCC_WARN_64_TO_32_BIT_CONVERSION = YES;
				GCC_WARN_ABOUT_RETURN_TYPE = YES_ERROR;
				GCC_WARN_UNDECLARED_SELECTOR = YES;
				GCC_WARN_UNINITIALIZED_AUTOS = YES_AGGRESSIVE;
				GCC_WARN_UNUSED_FUNCTION = YES;
				GCC_WARN_UNUSED_VARIABLE = YES;
				IPHONEOS_DEPLOYMENT_TARGET = 10.3;
				MTL_ENABLE_DEBUG_INFO = YES;
				ONLY_ACTIVE_ARCH = YES;
				SDKROOT = iphoneos;
				SWIFT_ACTIVE_COMPILATION_CONDITIONS = DEBUG;
				SWIFT_OPTIMIZATION_LEVEL = "-Onone";
			};
			name = Debug;
		};
		ED77C4A51EDDBD0A00848F87 /* Release */ = {
			isa = XCBuildConfiguration;
			buildSettings = {
				ALWAYS_SEARCH_USER_PATHS = NO;
				CLANG_ANALYZER_NONNULL = YES;
				CLANG_ANALYZER_NUMBER_OBJECT_CONVERSION = YES_AGGRESSIVE;
				CLANG_CXX_LANGUAGE_STANDARD = "gnu++0x";
				CLANG_CXX_LIBRARY = "libc++";
				CLANG_ENABLE_MODULES = YES;
				CLANG_ENABLE_OBJC_ARC = YES;
				CLANG_WARN_BOOL_CONVERSION = YES;
				CLANG_WARN_CONSTANT_CONVERSION = YES;
				CLANG_WARN_DIRECT_OBJC_ISA_USAGE = YES_ERROR;
				CLANG_WARN_DOCUMENTATION_COMMENTS = YES;
				CLANG_WARN_EMPTY_BODY = YES;
				CLANG_WARN_ENUM_CONVERSION = YES;
				CLANG_WARN_INFINITE_RECURSION = YES;
				CLANG_WARN_INT_CONVERSION = YES;
				CLANG_WARN_OBJC_ROOT_CLASS = YES_ERROR;
				CLANG_WARN_SUSPICIOUS_MOVE = YES;
				CLANG_WARN_UNREACHABLE_CODE = YES;
				CLANG_WARN__DUPLICATE_METHOD_MATCH = YES;
				"CODE_SIGN_IDENTITY[sdk=iphoneos*]" = "iPhone Developer";
				COPY_PHASE_STRIP = NO;
				DEBUG_INFORMATION_FORMAT = "dwarf-with-dsym";
				ENABLE_NS_ASSERTIONS = NO;
				ENABLE_STRICT_OBJC_MSGSEND = YES;
				GCC_C_LANGUAGE_STANDARD = gnu99;
				GCC_NO_COMMON_BLOCKS = YES;
				GCC_WARN_64_TO_32_BIT_CONVERSION = YES;
				GCC_WARN_ABOUT_RETURN_TYPE = YES_ERROR;
				GCC_WARN_UNDECLARED_SELECTOR = YES;
				GCC_WARN_UNINITIALIZED_AUTOS = YES_AGGRESSIVE;
				GCC_WARN_UNUSED_FUNCTION = YES;
				GCC_WARN_UNUSED_VARIABLE = YES;
				IPHONEOS_DEPLOYMENT_TARGET = 10.3;
				MTL_ENABLE_DEBUG_INFO = NO;
				SDKROOT = iphoneos;
				SWIFT_OPTIMIZATION_LEVEL = "-Owholemodule";
				VALIDATE_PRODUCT = YES;
			};
			name = Release;
		};
		ED77C4A71EDDBD0A00848F87 /* Debug */ = {
			isa = XCBuildConfiguration;
			baseConfigurationReference = 6B38D26DA9CECEAD5E65944A /* Pods-Portfolyo 3.debug.xcconfig */;
			buildSettings = {
				ASSETCATALOG_COMPILER_APPICON_NAME = AppIcon;
				DEVELOPMENT_TEAM = 5P7A6HEBY4;
				INFOPLIST_FILE = "Portfolyo 3/Info.plist";
				LD_RUNPATH_SEARCH_PATHS = "$(inherited) @executable_path/Frameworks";
				PRODUCT_BUNDLE_IDENTIFIER = "com.tanyildiz.Portfolyo-3";
				PRODUCT_NAME = "$(TARGET_NAME)";
				SWIFT_VERSION = 3.0;
			};
			name = Debug;
		};
		ED77C4A81EDDBD0A00848F87 /* Release */ = {
			isa = XCBuildConfiguration;
			baseConfigurationReference = 9AEE5F4277848150188F13C9 /* Pods-Portfolyo 3.release.xcconfig */;
			buildSettings = {
				ASSETCATALOG_COMPILER_APPICON_NAME = AppIcon;
				DEVELOPMENT_TEAM = 5P7A6HEBY4;
				INFOPLIST_FILE = "Portfolyo 3/Info.plist";
				LD_RUNPATH_SEARCH_PATHS = "$(inherited) @executable_path/Frameworks";
				PRODUCT_BUNDLE_IDENTIFIER = "com.tanyildiz.Portfolyo-3";
				PRODUCT_NAME = "$(TARGET_NAME)";
				SWIFT_VERSION = 3.0;
			};
			name = Release;
		};
/* End XCBuildConfiguration section */

/* Begin XCConfigurationList section */
		ED77C48F1EDDBD0A00848F87 /* Build configuration list for PBXProject "Portfolyo 3" */ = {
			isa = XCConfigurationList;
			buildConfigurations = (
				ED77C4A41EDDBD0A00848F87 /* Debug */,
				ED77C4A51EDDBD0A00848F87 /* Release */,
			);
			defaultConfigurationIsVisible = 0;
			defaultConfigurationName = Release;
		};
		ED77C4A61EDDBD0A00848F87 /* Build configuration list for PBXNativeTarget "Portfolyo 3" */ = {
			isa = XCConfigurationList;
			buildConfigurations = (
				ED77C4A71EDDBD0A00848F87 /* Debug */,
				ED77C4A81EDDBD0A00848F87 /* Release */,
			);
			defaultConfigurationIsVisible = 0;
			defaultConfigurationName = Release;
		};
/* End XCConfigurationList section */
	};
	rootObject = ED77C48C1EDDBD0A00848F87 /* Project object */;
}
